
Microsoft Visual Studio Solution File, Format Version 12.00
# Visual Studio Version 17
VisualStudioVersion = 17.10.35122.118
MinimumVisualStudioVersion = 10.0.40219.1
Project("{FAE04EC0-301F-11D3-BF4B-00C04F79EFBC}") = "AzureMinimalApiEFCore", "AzureMinimalApiEFCore\AzureMinimalApiEFCore.csproj", "{DB529624-2826-452B-847C-7EEB82DFF13E}"
EndProject
Project("{FAE04EC0-301F-11D3-BF4B-00C04F79EFBC}") = "AzureMinimalApiEFCore.Domain", "AzureMinimalApiEFCore.Domain\AzureMinimalApiEFCore.Domain.csproj", "{D664A2D6-CB90-44F5-A6CE-BDE1FC120F69}"
EndProject
Project("{FAE04EC0-301F-11D3-BF4B-00C04F79EFBC}") = "AzureMinimalApiEfCore.Infrastructure", "AzureMinimalApiEfCore.Infrastructure\AzureMinimalApiEfCore.Infrastructure.csproj", "{2DFBB830-A88B-4A6D-BA25-7931D11DB7FA}"
EndProject
Global
	GlobalSection(SolutionConfigurationPlatforms) = preSolution
		Debug|Any CPU = Debug|Any CPU
		Release|Any CPU = Release|Any CPU
	EndGlobalSection
	GlobalSection(ProjectConfigurationPlatforms) = postSolution
		{DB529624-2826-452B-847C-7EEB82DFF13E}.Debug|Any CPU.ActiveCfg = Debug|Any CPU
		{DB529624-2826-452B-847C-7EEB82DFF13E}.Debug|Any CPU.Build.0 = Debug|Any CPU
		{DB529624-2826-452B-847C-7EEB82DFF13E}.Release|Any CPU.ActiveCfg = Release|Any CPU
		{DB529624-2826-452B-847C-7EEB82DFF13E}.Release|Any CPU.Build.0 = Release|Any CPU
		{D664A2D6-CB90-44F5-A6CE-BDE1FC120F69}.Debug|Any CPU.ActiveCfg = Debug|Any CPU
		{D664A2D6-CB90-44F5-A6CE-BDE1FC120F69}.Debug|Any CPU.Build.0 = Debug|Any CPU
		{D664A2D6-CB90-44F5-A6CE-BDE1FC120F69}.Release|Any CPU.ActiveCfg = Release|Any CPU
		{D664A2D6-CB90-44F5-A6CE-BDE1FC120F69}.Release|Any CPU.Build.0 = Release|Any CPU
		{2DFBB830-A88B-4A6D-BA25-7931D11DB7FA}.Debug|Any CPU.ActiveCfg = Debug|Any CPU
		{2DFBB830-A88B-4A6D-BA25-7931D11DB7FA}.Debug|Any CPU.Build.0 = Debug|Any CPU
		{2DFBB830-A88B-4A6D-BA25-7931D11DB7FA}.Release|Any CPU.ActiveCfg = Release|Any CPU
		{2DFBB830-A88B-4A6D-BA25-7931D11DB7FA}.Release|Any CPU.Build.0 = Release|Any CPU
	EndGlobalSection
	GlobalSection(SolutionProperties) = preSolution
		HideSolutionNode = FALSE
	EndGlobalSection
	GlobalSection(ExtensibilityGlobals) = postSolution
		SolutionGuid = {406EE5D1-A383-47B4-AABF-30E0FF9D48A8}
	EndGlobalSection
EndGlobal
